
Microsoft Visual Studio Solution File, Format Version 12.00
# Visual Studio Version 17
VisualStudioVersion = 17.9.34511.98
MinimumVisualStudioVersion = 10.0.40219.1
Project("{9A19103F-16F7-4668-BE54-9A1E7A4F7556}") = "LeadManagementSystem.Module", "LeadManagementSystem.Module\LeadManagementSystem.Module.csproj", "{4E7F2CAB-9B38-4AB6-A4E1-5B4F7C282354}"
EndProject
Project("{9A19103F-16F7-4668-BE54-9A1E7A4F7556}") = "LeadManagementSystem.WebApi", "LeadManagementSystem.WebApi\LeadManagementSystem.WebApi.csproj", "{66928C00-B5BB-4C34-AC70-4D383E8B24DF}"
EndProject
Project("{9A19103F-16F7-4668-BE54-9A1E7A4F7556}") = "LeadManagementSystem.Win", "LeadManagementSystem.Win\LeadManagementSystem.Win.csproj", "{6563ED93-883D-462D-BF39-2083CF08F4F8}"
EndProject
Project("{9A19103F-16F7-4668-BE54-9A1E7A4F7556}") = "LeadManagementSystem.Blazor.Server", "LeadManagementSystem.Blazor.Server\LeadManagementSystem.Blazor.Server.csproj", "{CD069F1E-C3B3-49B2-B032-DE482CD343C2}"
EndProject
Project("{2150E333-8FDC-42A3-9474-1A3956D46DE8}") = "DevExpress Core", "DevExpress Core", "{20543212-F5C9-4AAF-B9D4-0444C41680B0}"
EndProject
Project("{2150E333-8FDC-42A3-9474-1A3956D46DE8}") = "User Management Module", "User Management Module", "{F2F90469-994E-4A30-A806-DE9406CDB227}"
EndProject
Project("{9A19103F-16F7-4668-BE54-9A1E7A4F7556}") = "LeadManagementSystem.UserManagement.Domain", "LeadManagementSystem.UserManagement.Domain\LeadManagementSystem.UserManagement.Domain.csproj", "{DCE0850E-2DA5-4C7F-A6B2-AC95AA25C99F}"
EndProject
Project("{9A19103F-16F7-4668-BE54-9A1E7A4F7556}") = "LeadManagementSystem.UserManagement.Application", "LeadManagementSystem.UserManagement.Application\LeadManagementSystem.UserManagement.Application.csproj", "{63B3881D-1045-4A1F-A4FD-4A339C3C3C3B}"
EndProject
Project("{9A19103F-16F7-4668-BE54-9A1E7A4F7556}") = "LeadManagementSystem.UserManagement.Infrastructure", "LeadManagementSystem.UserManagement.Infrastructure\LeadManagementSystem.UserManagement.Infrastructure.csproj", "{4F88DC00-E8B6-4D6D-A03C-A9FDE3BA05E8}"
EndProject
Project("{9A19103F-16F7-4668-BE54-9A1E7A4F7556}") = "LeadManagementSystem.UserManagement.UI", "LeadManagementSystem.UserManagement.UI\LeadManagementSystem.UserManagement.UI.csproj", "{B4956E6B-7291-499D-98F2-9E9657D49896}"
EndProject
Project("{FAE04EC0-301F-11D3-BF4B-00C04F79EFBC}") = "LeadManagementSystem.UserManagementModule", "LeadManagementSystem.UserManagementModule\LeadManagementSystem.UserManagementModule.csproj", "{CCC0D593-4BF0-4CAD-854B-494AF7F980EC}"
EndProject
Global
	GlobalSection(SolutionConfigurationPlatforms) = preSolution
		Debug|Any CPU = Debug|Any CPU
		EasyTest|Any CPU = EasyTest|Any CPU
		Release|Any CPU = Release|Any CPU
	EndGlobalSection
	GlobalSection(ProjectConfigurationPlatforms) = postSolution
		{4E7F2CAB-9B38-4AB6-A4E1-5B4F7C282354}.Debug|Any CPU.ActiveCfg = Debug|Any CPU
		{4E7F2CAB-9B38-4AB6-A4E1-5B4F7C282354}.Debug|Any CPU.Build.0 = Debug|Any CPU
		{4E7F2CAB-9B38-4AB6-A4E1-5B4F7C282354}.EasyTest|Any CPU.ActiveCfg = EasyTest|Any CPU
		{4E7F2CAB-9B38-4AB6-A4E1-5B4F7C282354}.EasyTest|Any CPU.Build.0 = EasyTest|Any CPU
		{4E7F2CAB-9B38-4AB6-A4E1-5B4F7C282354}.Release|Any CPU.ActiveCfg = Release|Any CPU
		{4E7F2CAB-9B38-4AB6-A4E1-5B4F7C282354}.Release|Any CPU.Build.0 = Release|Any CPU
		{66928C00-B5BB-4C34-AC70-4D383E8B24DF}.Debug|Any CPU.ActiveCfg = Debug|Any CPU
		{66928C00-B5BB-4C34-AC70-4D383E8B24DF}.Debug|Any CPU.Build.0 = Debug|Any CPU
		{66928C00-B5BB-4C34-AC70-4D383E8B24DF}.EasyTest|Any CPU.ActiveCfg = EasyTest|Any CPU
		{66928C00-B5BB-4C34-AC70-4D383E8B24DF}.EasyTest|Any CPU.Build.0 = EasyTest|Any CPU
		{66928C00-B5BB-4C34-AC70-4D383E8B24DF}.Release|Any CPU.ActiveCfg = Release|Any CPU
		{66928C00-B5BB-4C34-AC70-4D383E8B24DF}.Release|Any CPU.Build.0 = Release|Any CPU
		{6563ED93-883D-462D-BF39-2083CF08F4F8}.Debug|Any CPU.ActiveCfg = Debug|Any CPU
		{6563ED93-883D-462D-BF39-2083CF08F4F8}.Debug|Any CPU.Build.0 = Debug|Any CPU
		{6563ED93-883D-462D-BF39-2083CF08F4F8}.EasyTest|Any CPU.ActiveCfg = EasyTest|Any CPU
		{6563ED93-883D-462D-BF39-2083CF08F4F8}.EasyTest|Any CPU.Build.0 = EasyTest|Any CPU
		{6563ED93-883D-462D-BF39-2083CF08F4F8}.Release|Any CPU.ActiveCfg = Release|Any CPU
		{6563ED93-883D-462D-BF39-2083CF08F4F8}.Release|Any CPU.Build.0 = Release|Any CPU
		{CD069F1E-C3B3-49B2-B032-DE482CD343C2}.Debug|Any CPU.ActiveCfg = Debug|Any CPU
		{CD069F1E-C3B3-49B2-B032-DE482CD343C2}.Debug|Any CPU.Build.0 = Debug|Any CPU
		{CD069F1E-C3B3-49B2-B032-DE482CD343C2}.EasyTest|Any CPU.ActiveCfg = EasyTest|Any CPU
		{CD069F1E-C3B3-49B2-B032-DE482CD343C2}.EasyTest|Any CPU.Build.0 = EasyTest|Any CPU
		{CD069F1E-C3B3-49B2-B032-DE482CD343C2}.Release|Any CPU.ActiveCfg = Release|Any CPU
		{CD069F1E-C3B3-49B2-B032-DE482CD343C2}.Release|Any CPU.Build.0 = Release|Any CPU
		{DCE0850E-2DA5-4C7F-A6B2-AC95AA25C99F}.Debug|Any CPU.ActiveCfg = Debug|Any CPU
		{DCE0850E-2DA5-4C7F-A6B2-AC95AA25C99F}.Debug|Any CPU.Build.0 = Debug|Any CPU
		{DCE0850E-2DA5-4C7F-A6B2-AC95AA25C99F}.EasyTest|Any CPU.ActiveCfg = EasyTest|Any CPU
		{DCE0850E-2DA5-4C7F-A6B2-AC95AA25C99F}.EasyTest|Any CPU.Build.0 = EasyTest|Any CPU
		{DCE0850E-2DA5-4C7F-A6B2-AC95AA25C99F}.Release|Any CPU.ActiveCfg = Release|Any CPU
		{DCE0850E-2DA5-4C7F-A6B2-AC95AA25C99F}.Release|Any CPU.Build.0 = Release|Any CPU
		{63B3881D-1045-4A1F-A4FD-4A339C3C3C3B}.Debug|Any CPU.ActiveCfg = Debug|Any CPU
		{63B3881D-1045-4A1F-A4FD-4A339C3C3C3B}.Debug|Any CPU.Build.0 = Debug|Any CPU
		{63B3881D-1045-4A1F-A4FD-4A339C3C3C3B}.EasyTest|Any CPU.ActiveCfg = EasyTest|Any CPU
		{63B3881D-1045-4A1F-A4FD-4A339C3C3C3B}.EasyTest|Any CPU.Build.0 = EasyTest|Any CPU
		{63B3881D-1045-4A1F-A4FD-4A339C3C3C3B}.Release|Any CPU.ActiveCfg = Release|Any CPU
		{63B3881D-1045-4A1F-A4FD-4A339C3C3C3B}.Release|Any CPU.Build.0 = Release|Any CPU
		{4F88DC00-E8B6-4D6D-A03C-A9FDE3BA05E8}.Debug|Any CPU.ActiveCfg = Debug|Any CPU
		{4F88DC00-E8B6-4D6D-A03C-A9FDE3BA05E8}.Debug|Any CPU.Build.0 = Debug|Any CPU
		{4F88DC00-E8B6-4D6D-A03C-A9FDE3BA05E8}.EasyTest|Any CPU.ActiveCfg = EasyTest|Any CPU
		{4F88DC00-E8B6-4D6D-A03C-A9FDE3BA05E8}.EasyTest|Any CPU.Build.0 = EasyTest|Any CPU
		{4F88DC00-E8B6-4D6D-A03C-A9FDE3BA05E8}.Release|Any CPU.ActiveCfg = Release|Any CPU
		{4F88DC00-E8B6-4D6D-A03C-A9FDE3BA05E8}.Release|Any CPU.Build.0 = Release|Any CPU
		{B4956E6B-7291-499D-98F2-9E9657D49896}.Debug|Any CPU.ActiveCfg = Debug|Any CPU
		{B4956E6B-7291-499D-98F2-9E9657D49896}.Debug|Any CPU.Build.0 = Debug|Any CPU
		{B4956E6B-7291-499D-98F2-9E9657D49896}.EasyTest|Any CPU.ActiveCfg = EasyTest|Any CPU
		{B4956E6B-7291-499D-98F2-9E9657D49896}.EasyTest|Any CPU.Build.0 = EasyTest|Any CPU
		{B4956E6B-7291-499D-98F2-9E9657D49896}.Release|Any CPU.ActiveCfg = Release|Any CPU
		{B4956E6B-7291-499D-98F2-9E9657D49896}.Release|Any CPU.Build.0 = Release|Any CPU
		{CCC0D593-4BF0-4CAD-854B-494AF7F980EC}.Debug|Any CPU.ActiveCfg = Debug|Any CPU
		{CCC0D593-4BF0-4CAD-854B-494AF7F980EC}.Debug|Any CPU.Build.0 = Debug|Any CPU
		{CCC0D593-4BF0-4CAD-854B-494AF7F980EC}.EasyTest|Any CPU.ActiveCfg = Debug|Any CPU
		{CCC0D593-4BF0-4CAD-854B-494AF7F980EC}.EasyTest|Any CPU.Build.0 = Debug|Any CPU
		{CCC0D593-4BF0-4CAD-854B-494AF7F980EC}.Release|Any CPU.ActiveCfg = Release|Any CPU
		{CCC0D593-4BF0-4CAD-854B-494AF7F980EC}.Release|Any CPU.Build.0 = Release|Any CPU
	EndGlobalSection
	GlobalSection(SolutionProperties) = preSolution
		HideSolutionNode = FALSE
	EndGlobalSection
	GlobalSection(NestedProjects) = preSolution
		{4E7F2CAB-9B38-4AB6-A4E1-5B4F7C282354} = {20543212-F5C9-4AAF-B9D4-0444C41680B0}
		{66928C00-B5BB-4C34-AC70-4D383E8B24DF} = {20543212-F5C9-4AAF-B9D4-0444C41680B0}
		{6563ED93-883D-462D-BF39-2083CF08F4F8} = {20543212-F5C9-4AAF-B9D4-0444C41680B0}
		{CD069F1E-C3B3-49B2-B032-DE482CD343C2} = {20543212-F5C9-4AAF-B9D4-0444C41680B0}
		{DCE0850E-2DA5-4C7F-A6B2-AC95AA25C99F} = {F2F90469-994E-4A30-A806-DE9406CDB227}
		{63B3881D-1045-4A1F-A4FD-4A339C3C3C3B} = {F2F90469-994E-4A30-A806-DE9406CDB227}
		{4F88DC00-E8B6-4D6D-A03C-A9FDE3BA05E8} = {F2F90469-994E-4A30-A806-DE9406CDB227}
		{B4956E6B-7291-499D-98F2-9E9657D49896} = {F2F90469-994E-4A30-A806-DE9406CDB227}
		{CCC0D593-4BF0-4CAD-854B-494AF7F980EC} = {F2F90469-994E-4A30-A806-DE9406CDB227}
	EndGlobalSection
	GlobalSection(ExtensibilityGlobals) = postSolution
		SolutionGuid = {2145675C-430C-4C7A-9828-47DA6FC65498}
	EndGlobalSection
EndGlobal
